Microsoft Visual Studio Solution File, Format Version 11.00
# Visual Studio 2008

Project("{DDE422F8-4A4F-CDFE-19B6-BE46A4BF7147}") = "3DPlatformer", "Assembly-CSharp.csproj", "{29D532F8-85F7-B9B2-8A66-961332EF7B4B}"
EndProject
Global
	GlobalSection(SolutionConfigurationPlatforms) = preSolution
		Debug|Any CPU = Debug|Any CPU
		Release|Any CPU = Release|Any CPU
	EndGlobalSection
	GlobalSection(ProjectConfigurationPlatforms) = postSolution
		{29D532F8-85F7-B9B2-8A66-961332EF7B4B}.Debug|Any CPU.ActiveCfg = Debug|Any CPU
		{29D532F8-85F7-B9B2-8A66-961332EF7B4B}.Debug|Any CPU.Build.0 = Debug|Any CPU
		{29D532F8-85F7-B9B2-8A66-961332EF7B4B}.Release|Any CPU.ActiveCfg = Release|Any CPU
		{29D532F8-85F7-B9B2-8A66-961332EF7B4B}.Release|Any CPU.Build.0 = Release|Any CPU
	EndGlobalSection
	GlobalSection(SolutionProperties) = preSolution
		HideSolutionNode = FALSE
	EndGlobalSection
	GlobalSection(MonoDevelopProperties) = preSolution
		StartupItem = Assembly-CSharp.csproj
	EndGlobalSection
EndGlobal
