
Microsoft Visual Studio Solution File, Format Version 12.00
# Visual Studio 2015
Project("{FAE04EC0-301F-11D3-BF4B-00C04F79EFBC}") = "Platformer.CSharp.Plugins", "Platformer.CSharp.Plugins.csproj", "{9DE15EC4-98C9-9247-30E6-C7415BB227FE}"
EndProject
Project("{FAE04EC0-301F-11D3-BF4B-00C04F79EFBC}") = "Platformer.CSharp", "Platformer.CSharp.csproj", "{90411C8F-9BFB-9F72-F09C-2B133F72238F}"
EndProject
Project("{FAE04EC0-301F-11D3-BF4B-00C04F79EFBC}") = "Platformer.CSharp.Editor", "Platformer.CSharp.Editor.csproj", "{7618A7E8-5E17-3369-91A8-0A3948D1B6B9}"
EndProject
Global
	GlobalSection(SolutionConfigurationPlatforms) = preSolution
		Debug|Any CPU = Debug|Any CPU
		Release|Any CPU = Release|Any CPU
	EndGlobalSection
	GlobalSection(ProjectConfigurationPlatforms) = postSolution
		{9DE15EC4-98C9-9247-30E6-C7415BB227FE}.Debug|Any CPU.ActiveCfg = Debug|Any CPU
		{9DE15EC4-98C9-9247-30E6-C7415BB227FE}.Debug|Any CPU.Build.0 = Debug|Any CPU
		{9DE15EC4-98C9-9247-30E6-C7415BB227FE}.Release|Any CPU.ActiveCfg = Release|Any CPU
		{9DE15EC4-98C9-9247-30E6-C7415BB227FE}.Release|Any CPU.Build.0 = Release|Any CPU
		{90411C8F-9BFB-9F72-F09C-2B133F72238F}.Debug|Any CPU.ActiveCfg = Debug|Any CPU
		{90411C8F-9BFB-9F72-F09C-2B133F72238F}.Debug|Any CPU.Build.0 = Debug|Any CPU
		{90411C8F-9BFB-9F72-F09C-2B133F72238F}.Release|Any CPU.ActiveCfg = Release|Any CPU
		{90411C8F-9BFB-9F72-F09C-2B133F72238F}.Release|Any CPU.Build.0 = Release|Any CPU
		{7618A7E8-5E17-3369-91A8-0A3948D1B6B9}.Debug|Any CPU.ActiveCfg = Debug|Any CPU
		{7618A7E8-5E17-3369-91A8-0A3948D1B6B9}.Debug|Any CPU.Build.0 = Debug|Any CPU
		{7618A7E8-5E17-3369-91A8-0A3948D1B6B9}.Release|Any CPU.ActiveCfg = Release|Any CPU
		{7618A7E8-5E17-3369-91A8-0A3948D1B6B9}.Release|Any CPU.Build.0 = Release|Any CPU
	EndGlobalSection
	GlobalSection(SolutionProperties) = preSolution
		HideSolutionNode = FALSE
	EndGlobalSection
EndGlobal
