Microsoft Visual Studio Solution File, Format Version 11.00
# Visual Studio 2008

Project("{B86A97E7-33FF-F1E4-9C26-49862785A329}") = "RibbonJump7", "Assembly-CSharp-firstpass.csproj", "{4CB070E4-F7C2-E15E-17AF-E4DA59938EC8}"
EndProject
Project("{B86A97E7-33FF-F1E4-9C26-49862785A329}") = "RibbonJump7", "Assembly-CSharp.csproj", "{C5D5B8EB-19D6-12DB-69CC-F9EE0B11E9CE}"
EndProject
Project("{B86A97E7-33FF-F1E4-9C26-49862785A329}") = "RibbonJump7", "Assembly-CSharp-Editor.csproj", "{1AC09FC3-F776-6C3D-54EA-01605FE01AC7}"
EndProject
Global
	GlobalSection(SolutionConfigurationPlatforms) = preSolution
		Debug|Any CPU = Debug|Any CPU
		Release|Any CPU = Release|Any CPU
	EndGlobalSection
	GlobalSection(ProjectConfigurationPlatforms) = postSolution
		{4CB070E4-F7C2-E15E-17AF-E4DA59938EC8}.Debug|Any CPU.ActiveCfg = Debug|Any CPU
		{4CB070E4-F7C2-E15E-17AF-E4DA59938EC8}.Debug|Any CPU.Build.0 = Debug|Any CPU
		{4CB070E4-F7C2-E15E-17AF-E4DA59938EC8}.Release|Any CPU.ActiveCfg = Release|Any CPU
		{4CB070E4-F7C2-E15E-17AF-E4DA59938EC8}.Release|Any CPU.Build.0 = Release|Any CPU
		{C5D5B8EB-19D6-12DB-69CC-F9EE0B11E9CE}.Debug|Any CPU.ActiveCfg = Debug|Any CPU
		{C5D5B8EB-19D6-12DB-69CC-F9EE0B11E9CE}.Debug|Any CPU.Build.0 = Debug|Any CPU
		{C5D5B8EB-19D6-12DB-69CC-F9EE0B11E9CE}.Release|Any CPU.ActiveCfg = Release|Any CPU
		{C5D5B8EB-19D6-12DB-69CC-F9EE0B11E9CE}.Release|Any CPU.Build.0 = Release|Any CPU
		{1AC09FC3-F776-6C3D-54EA-01605FE01AC7}.Debug|Any CPU.ActiveCfg = Debug|Any CPU
		{1AC09FC3-F776-6C3D-54EA-01605FE01AC7}.Debug|Any CPU.Build.0 = Debug|Any CPU
		{1AC09FC3-F776-6C3D-54EA-01605FE01AC7}.Release|Any CPU.ActiveCfg = Release|Any CPU
		{1AC09FC3-F776-6C3D-54EA-01605FE01AC7}.Release|Any CPU.Build.0 = Release|Any CPU
	EndGlobalSection
	GlobalSection(SolutionProperties) = preSolution
		HideSolutionNode = FALSE
	EndGlobalSection
	GlobalSection(MonoDevelopProperties) = preSolution
		StartupItem = Assembly-CSharp.csproj
	EndGlobalSection
EndGlobal
