
Microsoft Visual Studio Solution File, Format Version 12.00
# Visual Studio 2015
Project("{FAE04EC0-301F-11D3-BF4B-00C04F79EFBC}") = "RibbonJump.CSharp.Plugins", "RibbonJump.CSharp.Plugins.csproj", "{E95D2115-F1B6-281C-22E7-C79B2344C9FE}"
EndProject
Project("{FAE04EC0-301F-11D3-BF4B-00C04F79EFBC}") = "RibbonJump.CSharp", "RibbonJump.CSharp.csproj", "{1D83BDDD-1DAF-12E0-D8EC-9BCCF9C1A200}"
EndProject
Project("{FAE04EC0-301F-11D3-BF4B-00C04F79EFBC}") = "RibbonJump.CSharp.Editor", "RibbonJump.CSharp.Editor.csproj", "{4F1C8237-8B48-C3A6-194A-8CF7F3EAA6AE}"
EndProject
Global
	GlobalSection(SolutionConfigurationPlatforms) = preSolution
		Debug|Any CPU = Debug|Any CPU
		Release|Any CPU = Release|Any CPU
	EndGlobalSection
	GlobalSection(ProjectConfigurationPlatforms) = postSolution
		{E95D2115-F1B6-281C-22E7-C79B2344C9FE}.Debug|Any CPU.ActiveCfg = Debug|Any CPU
		{E95D2115-F1B6-281C-22E7-C79B2344C9FE}.Debug|Any CPU.Build.0 = Debug|Any CPU
		{E95D2115-F1B6-281C-22E7-C79B2344C9FE}.Release|Any CPU.ActiveCfg = Release|Any CPU
		{E95D2115-F1B6-281C-22E7-C79B2344C9FE}.Release|Any CPU.Build.0 = Release|Any CPU
		{1D83BDDD-1DAF-12E0-D8EC-9BCCF9C1A200}.Debug|Any CPU.ActiveCfg = Debug|Any CPU
		{1D83BDDD-1DAF-12E0-D8EC-9BCCF9C1A200}.Debug|Any CPU.Build.0 = Debug|Any CPU
		{1D83BDDD-1DAF-12E0-D8EC-9BCCF9C1A200}.Release|Any CPU.ActiveCfg = Release|Any CPU
		{1D83BDDD-1DAF-12E0-D8EC-9BCCF9C1A200}.Release|Any CPU.Build.0 = Release|Any CPU
		{4F1C8237-8B48-C3A6-194A-8CF7F3EAA6AE}.Debug|Any CPU.ActiveCfg = Debug|Any CPU
		{4F1C8237-8B48-C3A6-194A-8CF7F3EAA6AE}.Debug|Any CPU.Build.0 = Debug|Any CPU
		{4F1C8237-8B48-C3A6-194A-8CF7F3EAA6AE}.Release|Any CPU.ActiveCfg = Release|Any CPU
		{4F1C8237-8B48-C3A6-194A-8CF7F3EAA6AE}.Release|Any CPU.Build.0 = Release|Any CPU
	EndGlobalSection
	GlobalSection(SolutionProperties) = preSolution
		HideSolutionNode = FALSE
	EndGlobalSection
EndGlobal
